
Microsoft Visual Studio Solution File, Format Version 12.00
# Visual Studio Version 17
VisualStudioVersion = 17.0.31903.59
MinimumVisualStudioVersion = 10.0.40219.1
Project("{2150E333-8FDC-42A3-9474-1A3956D46DE8}") = "src", "src", "{827E0CD3-B72D-47B6-A68D-7590B98EB39B}"
EndProject
Project("{FAE04EC0-301F-11D3-BF4B-00C04F79EFBC}") = "Api", "src\Api\Api.csproj", "{0D75E1AD-F6CA-4259-95F9-9C0FF018D9B3}"
EndProject
Project("{FAE04EC0-301F-11D3-BF4B-00C04F79EFBC}") = "Application", "src\Application\Application.csproj", "{CC3CD62B-D61D-413E-8CB4-F55471C16C33}"
EndProject
Project("{FAE04EC0-301F-11D3-BF4B-00C04F79EFBC}") = "Domain", "src\Domain\Domain.csproj", "{EC3FDC8D-A4AF-40C8-BAE2-C6CD6827AA06}"
EndProject
Project("{FAE04EC0-301F-11D3-BF4B-00C04F79EFBC}") = "Infrastructure", "src\Infrastructure\Infrastructure.csproj", "{247AB4DC-F03A-47E3-BD0B-0D5E5EB907EB}"
EndProject
Project("{FAE04EC0-301F-11D3-BF4B-00C04F79EFBC}") = "Ui.Avalonia", "src\Ui.Avalonia\Ui.Avalonia.csproj", "{B0FF0855-2C9F-443A-9316-150CD4CB6D8F}"
EndProject
Project("{2150E333-8FDC-42A3-9474-1A3956D46DE8}") = "tests", "tests", "{0AB3BF05-4346-4AA6-1389-037BE0695223}"
EndProject
Project("{2150E333-8FDC-42A3-9474-1A3956D46DE8}") = "Api", "Api", "{97094B24-3C9A-C0DB-C982-4A4025DE3508}"
EndProject
Project("{FAE04EC0-301F-11D3-BF4B-00C04F79EFBC}") = "Api.Tests", "tests\Api\Api.Tests.csproj", "{B96420F8-EA3D-41A1-B48C-5CB16B87CA77}"
EndProject
Project("{2150E333-8FDC-42A3-9474-1A3956D46DE8}") = "Application", "Application", "{B611CC27-D592-8FDF-F9F1-D39D131BCC02}"
EndProject
Project("{FAE04EC0-301F-11D3-BF4B-00C04F79EFBC}") = "Application.Tests", "tests\Application\Application.Tests.csproj", "{0611E561-0ABC-45BD-9D6D-9933ABE72339}"
EndProject
Project("{2150E333-8FDC-42A3-9474-1A3956D46DE8}") = "Domain", "Domain", "{AA729693-B437-D1F0-D453-A817F88C4370}"
EndProject
Project("{FAE04EC0-301F-11D3-BF4B-00C04F79EFBC}") = "Domain.Tests", "tests\Domain\Domain.Tests.csproj", "{A3DE96DD-6F3D-4AA5-AE08-FFACEB436CC7}"
EndProject
Project("{2150E333-8FDC-42A3-9474-1A3956D46DE8}") = "Infrastructure", "Infrastructure", "{2CDFC2B4-03A0-2A52-1000-A892D95DD3FA}"
EndProject
Project("{FAE04EC0-301F-11D3-BF4B-00C04F79EFBC}") = "Infrastructure.Tests", "tests\Infrastructure\Infrastructure.Tests.csproj", "{4C896D7D-D69D-4D02-934E-B4B4CBF9711D}"
EndProject
Project("{2150E333-8FDC-42A3-9474-1A3956D46DE8}") = "Ui.Avalonia", "Ui.Avalonia", "{B7BD370E-069D-9ADC-D07F-7BCBE718CA43}"
EndProject
Project("{FAE04EC0-301F-11D3-BF4B-00C04F79EFBC}") = "Ui.Avalonia.Tests", "tests\Ui.Avalonia\Ui.Avalonia.Tests.csproj", "{5BE1C8B2-1D51-4D78-95EC-79FA6ACBCB0B}"
EndProject
Global
	GlobalSection(SolutionConfigurationPlatforms) = preSolution
		Debug|Any CPU = Debug|Any CPU
		Debug|x64 = Debug|x64
		Debug|x86 = Debug|x86
		Release|Any CPU = Release|Any CPU
		Release|x64 = Release|x64
		Release|x86 = Release|x86
	EndGlobalSection
	GlobalSection(ProjectConfigurationPlatforms) = postSolution
		{0D75E1AD-F6CA-4259-95F9-9C0FF018D9B3}.Debug|Any CPU.ActiveCfg = Debug|Any CPU
		{0D75E1AD-F6CA-4259-95F9-9C0FF018D9B3}.Debug|Any CPU.Build.0 = Debug|Any CPU
		{0D75E1AD-F6CA-4259-95F9-9C0FF018D9B3}.Debug|x64.ActiveCfg = Debug|Any CPU
		{0D75E1AD-F6CA-4259-95F9-9C0FF018D9B3}.Debug|x64.Build.0 = Debug|Any CPU
		{0D75E1AD-F6CA-4259-95F9-9C0FF018D9B3}.Debug|x86.ActiveCfg = Debug|Any CPU
		{0D75E1AD-F6CA-4259-95F9-9C0FF018D9B3}.Debug|x86.Build.0 = Debug|Any CPU
		{0D75E1AD-F6CA-4259-95F9-9C0FF018D9B3}.Release|Any CPU.ActiveCfg = Release|Any CPU
		{0D75E1AD-F6CA-4259-95F9-9C0FF018D9B3}.Release|Any CPU.Build.0 = Release|Any CPU
		{0D75E1AD-F6CA-4259-95F9-9C0FF018D9B3}.Release|x64.ActiveCfg = Release|Any CPU
		{0D75E1AD-F6CA-4259-95F9-9C0FF018D9B3}.Release|x64.Build.0 = Release|Any CPU
		{0D75E1AD-F6CA-4259-95F9-9C0FF018D9B3}.Release|x86.ActiveCfg = Release|Any CPU
		{0D75E1AD-F6CA-4259-95F9-9C0FF018D9B3}.Release|x86.Build.0 = Release|Any CPU
		{CC3CD62B-D61D-413E-8CB4-F55471C16C33}.Debug|Any CPU.ActiveCfg = Debug|Any CPU
		{CC3CD62B-D61D-413E-8CB4-F55471C16C33}.Debug|Any CPU.Build.0 = Debug|Any CPU
		{CC3CD62B-D61D-413E-8CB4-F55471C16C33}.Debug|x64.ActiveCfg = Debug|Any CPU
		{CC3CD62B-D61D-413E-8CB4-F55471C16C33}.Debug|x64.Build.0 = Debug|Any CPU
		{CC3CD62B-D61D-413E-8CB4-F55471C16C33}.Debug|x86.ActiveCfg = Debug|Any CPU
		{CC3CD62B-D61D-413E-8CB4-F55471C16C33}.Debug|x86.Build.0 = Debug|Any CPU
		{CC3CD62B-D61D-413E-8CB4-F55471C16C33}.Release|Any CPU.ActiveCfg = Release|Any CPU
		{CC3CD62B-D61D-413E-8CB4-F55471C16C33}.Release|Any CPU.Build.0 = Release|Any CPU
		{CC3CD62B-D61D-413E-8CB4-F55471C16C33}.Release|x64.ActiveCfg = Release|Any CPU
		{CC3CD62B-D61D-413E-8CB4-F55471C16C33}.Release|x64.Build.0 = Release|Any CPU
		{CC3CD62B-D61D-413E-8CB4-F55471C16C33}.Release|x86.ActiveCfg = Release|Any CPU
		{CC3CD62B-D61D-413E-8CB4-F55471C16C33}.Release|x86.Build.0 = Release|Any CPU
		{EC3FDC8D-A4AF-40C8-BAE2-C6CD6827AA06}.Debug|Any CPU.ActiveCfg = Debug|Any CPU
		{EC3FDC8D-A4AF-40C8-BAE2-C6CD6827AA06}.Debug|Any CPU.Build.0 = Debug|Any CPU
		{EC3FDC8D-A4AF-40C8-BAE2-C6CD6827AA06}.Debug|x64.ActiveCfg = Debug|Any CPU
		{EC3FDC8D-A4AF-40C8-BAE2-C6CD6827AA06}.Debug|x64.Build.0 = Debug|Any CPU
		{EC3FDC8D-A4AF-40C8-BAE2-C6CD6827AA06}.Debug|x86.ActiveCfg = Debug|Any CPU
		{EC3FDC8D-A4AF-40C8-BAE2-C6CD6827AA06}.Debug|x86.Build.0 = Debug|Any CPU
		{EC3FDC8D-A4AF-40C8-BAE2-C6CD6827AA06}.Release|Any CPU.ActiveCfg = Release|Any CPU
		{EC3FDC8D-A4AF-40C8-BAE2-C6CD6827AA06}.Release|Any CPU.Build.0 = Release|Any CPU
		{EC3FDC8D-A4AF-40C8-BAE2-C6CD6827AA06}.Release|x64.ActiveCfg = Release|Any CPU
		{EC3FDC8D-A4AF-40C8-BAE2-C6CD6827AA06}.Release|x64.Build.0 = Release|Any CPU
		{EC3FDC8D-A4AF-40C8-BAE2-C6CD6827AA06}.Release|x86.ActiveCfg = Release|Any CPU
		{EC3FDC8D-A4AF-40C8-BAE2-C6CD6827AA06}.Release|x86.Build.0 = Release|Any CPU
		{247AB4DC-F03A-47E3-BD0B-0D5E5EB907EB}.Debug|Any CPU.ActiveCfg = Debug|Any CPU
		{247AB4DC-F03A-47E3-BD0B-0D5E5EB907EB}.Debug|Any CPU.Build.0 = Debug|Any CPU
		{247AB4DC-F03A-47E3-BD0B-0D5E5EB907EB}.Debug|x64.ActiveCfg = Debug|Any CPU
		{247AB4DC-F03A-47E3-BD0B-0D5E5EB907EB}.Debug|x64.Build.0 = Debug|Any CPU
		{247AB4DC-F03A-47E3-BD0B-0D5E5EB907EB}.Debug|x86.ActiveCfg = Debug|Any CPU
		{247AB4DC-F03A-47E3-BD0B-0D5E5EB907EB}.Debug|x86.Build.0 = Debug|Any CPU
		{247AB4DC-F03A-47E3-BD0B-0D5E5EB907EB}.Release|Any CPU.ActiveCfg = Release|Any CPU
		{247AB4DC-F03A-47E3-BD0B-0D5E5EB907EB}.Release|Any CPU.Build.0 = Release|Any CPU
		{247AB4DC-F03A-47E3-BD0B-0D5E5EB907EB}.Release|x64.ActiveCfg = Release|Any CPU
		{247AB4DC-F03A-47E3-BD0B-0D5E5EB907EB}.Release|x64.Build.0 = Release|Any CPU
		{247AB4DC-F03A-47E3-BD0B-0D5E5EB907EB}.Release|x86.ActiveCfg = Release|Any CPU
		{247AB4DC-F03A-47E3-BD0B-0D5E5EB907EB}.Release|x86.Build.0 = Release|Any CPU
		{B0FF0855-2C9F-443A-9316-150CD4CB6D8F}.Debug|Any CPU.ActiveCfg = Debug|Any CPU
		{B0FF0855-2C9F-443A-9316-150CD4CB6D8F}.Debug|Any CPU.Build.0 = Debug|Any CPU
		{B0FF0855-2C9F-443A-9316-150CD4CB6D8F}.Debug|x64.ActiveCfg = Debug|Any CPU
		{B0FF0855-2C9F-443A-9316-150CD4CB6D8F}.Debug|x64.Build.0 = Debug|Any CPU
		{B0FF0855-2C9F-443A-9316-150CD4CB6D8F}.Debug|x86.ActiveCfg = Debug|Any CPU
		{B0FF0855-2C9F-443A-9316-150CD4CB6D8F}.Debug|x86.Build.0 = Debug|Any CPU
		{B0FF0855-2C9F-443A-9316-150CD4CB6D8F}.Release|Any CPU.ActiveCfg = Release|Any CPU
		{B0FF0855-2C9F-443A-9316-150CD4CB6D8F}.Release|Any CPU.Build.0 = Release|Any CPU
		{B0FF0855-2C9F-443A-9316-150CD4CB6D8F}.Release|x64.ActiveCfg = Release|Any CPU
		{B0FF0855-2C9F-443A-9316-150CD4CB6D8F}.Release|x64.Build.0 = Release|Any CPU
		{B0FF0855-2C9F-443A-9316-150CD4CB6D8F}.Release|x86.ActiveCfg = Release|Any CPU
		{B0FF0855-2C9F-443A-9316-150CD4CB6D8F}.Release|x86.Build.0 = Release|Any CPU
		{B96420F8-EA3D-41A1-B48C-5CB16B87CA77}.Debug|Any CPU.ActiveCfg = Debug|Any CPU
		{B96420F8-EA3D-41A1-B48C-5CB16B87CA77}.Debug|Any CPU.Build.0 = Debug|Any CPU
		{B96420F8-EA3D-41A1-B48C-5CB16B87CA77}.Debug|x64.ActiveCfg = Debug|Any CPU
		{B96420F8-EA3D-41A1-B48C-5CB16B87CA77}.Debug|x64.Build.0 = Debug|Any CPU
		{B96420F8-EA3D-41A1-B48C-5CB16B87CA77}.Debug|x86.ActiveCfg = Debug|Any CPU
		{B96420F8-EA3D-41A1-B48C-5CB16B87CA77}.Debug|x86.Build.0 = Debug|Any CPU
		{B96420F8-EA3D-41A1-B48C-5CB16B87CA77}.Release|Any CPU.ActiveCfg = Release|Any CPU
		{B96420F8-EA3D-41A1-B48C-5CB16B87CA77}.Release|Any CPU.Build.0 = Release|Any CPU
		{B96420F8-EA3D-41A1-B48C-5CB16B87CA77}.Release|x64.ActiveCfg = Release|Any CPU
		{B96420F8-EA3D-41A1-B48C-5CB16B87CA77}.Release|x64.Build.0 = Release|Any CPU
		{B96420F8-EA3D-41A1-B48C-5CB16B87CA77}.Release|x86.ActiveCfg = Release|Any CPU
		{B96420F8-EA3D-41A1-B48C-5CB16B87CA77}.Release|x86.Build.0 = Release|Any CPU
		{0611E561-0ABC-45BD-9D6D-9933ABE72339}.Debug|Any CPU.ActiveCfg = Debug|Any CPU
		{0611E561-0ABC-45BD-9D6D-9933ABE72339}.Debug|Any CPU.Build.0 = Debug|Any CPU
		{0611E561-0ABC-45BD-9D6D-9933ABE72339}.Debug|x64.ActiveCfg = Debug|Any CPU
		{0611E561-0ABC-45BD-9D6D-9933ABE72339}.Debug|x64.Build.0 = Debug|Any CPU
		{0611E561-0ABC-45BD-9D6D-9933ABE72339}.Debug|x86.ActiveCfg = Debug|Any CPU
		{0611E561-0ABC-45BD-9D6D-9933ABE72339}.Debug|x86.Build.0 = Debug|Any CPU
		{0611E561-0ABC-45BD-9D6D-9933ABE72339}.Release|Any CPU.ActiveCfg = Release|Any CPU
		{0611E561-0ABC-45BD-9D6D-9933ABE72339}.Release|Any CPU.Build.0 = Release|Any CPU
		{0611E561-0ABC-45BD-9D6D-9933ABE72339}.Release|x64.ActiveCfg = Release|Any CPU
		{0611E561-0ABC-45BD-9D6D-9933ABE72339}.Release|x64.Build.0 = Release|Any CPU
		{0611E561-0ABC-45BD-9D6D-9933ABE72339}.Release|x86.ActiveCfg = Release|Any CPU
		{0611E561-0ABC-45BD-9D6D-9933ABE72339}.Release|x86.Build.0 = Release|Any CPU
		{A3DE96DD-6F3D-4AA5-AE08-FFACEB436CC7}.Debug|Any CPU.ActiveCfg = Debug|Any CPU
		{A3DE96DD-6F3D-4AA5-AE08-FFACEB436CC7}.Debug|Any CPU.Build.0 = Debug|Any CPU
		{A3DE96DD-6F3D-4AA5-AE08-FFACEB436CC7}.Debug|x64.ActiveCfg = Debug|Any CPU
		{A3DE96DD-6F3D-4AA5-AE08-FFACEB436CC7}.Debug|x64.Build.0 = Debug|Any CPU
		{A3DE96DD-6F3D-4AA5-AE08-FFACEB436CC7}.Debug|x86.ActiveCfg = Debug|Any CPU
		{A3DE96DD-6F3D-4AA5-AE08-FFACEB436CC7}.Debug|x86.Build.0 = Debug|Any CPU
		{A3DE96DD-6F3D-4AA5-AE08-FFACEB436CC7}.Release|Any CPU.ActiveCfg = Release|Any CPU
		{A3DE96DD-6F3D-4AA5-AE08-FFACEB436CC7}.Release|Any CPU.Build.0 = Release|Any CPU
		{A3DE96DD-6F3D-4AA5-AE08-FFACEB436CC7}.Release|x64.ActiveCfg = Release|Any CPU
		{A3DE96DD-6F3D-4AA5-AE08-FFACEB436CC7}.Release|x64.Build.0 = Release|Any CPU
		{A3DE96DD-6F3D-4AA5-AE08-FFACEB436CC7}.Release|x86.ActiveCfg = Release|Any CPU
		{A3DE96DD-6F3D-4AA5-AE08-FFACEB436CC7}.Release|x86.Build.0 = Release|Any CPU
		{4C896D7D-D69D-4D02-934E-B4B4CBF9711D}.Debug|Any CPU.ActiveCfg = Debug|Any CPU
		{4C896D7D-D69D-4D02-934E-B4B4CBF9711D}.Debug|Any CPU.Build.0 = Debug|Any CPU
		{4C896D7D-D69D-4D02-934E-B4B4CBF9711D}.Debug|x64.ActiveCfg = Debug|Any CPU
		{4C896D7D-D69D-4D02-934E-B4B4CBF9711D}.Debug|x64.Build.0 = Debug|Any CPU
		{4C896D7D-D69D-4D02-934E-B4B4CBF9711D}.Debug|x86.ActiveCfg = Debug|Any CPU
		{4C896D7D-D69D-4D02-934E-B4B4CBF9711D}.Debug|x86.Build.0 = Debug|Any CPU
		{4C896D7D-D69D-4D02-934E-B4B4CBF9711D}.Release|Any CPU.ActiveCfg = Release|Any CPU
		{4C896D7D-D69D-4D02-934E-B4B4CBF9711D}.Release|Any CPU.Build.0 = Release|Any CPU
		{4C896D7D-D69D-4D02-934E-B4B4CBF9711D}.Release|x64.ActiveCfg = Release|Any CPU
		{4C896D7D-D69D-4D02-934E-B4B4CBF9711D}.Release|x64.Build.0 = Release|Any CPU
		{4C896D7D-D69D-4D02-934E-B4B4CBF9711D}.Release|x86.ActiveCfg = Release|Any CPU
		{4C896D7D-D69D-4D02-934E-B4B4CBF9711D}.Release|x86.Build.0 = Release|Any CPU
		{5BE1C8B2-1D51-4D78-95EC-79FA6ACBCB0B}.Debug|Any CPU.ActiveCfg = Debug|Any CPU
		{5BE1C8B2-1D51-4D78-95EC-79FA6ACBCB0B}.Debug|Any CPU.Build.0 = Debug|Any CPU
		{5BE1C8B2-1D51-4D78-95EC-79FA6ACBCB0B}.Debug|x64.ActiveCfg = Debug|Any CPU
		{5BE1C8B2-1D51-4D78-95EC-79FA6ACBCB0B}.Debug|x64.Build.0 = Debug|Any CPU
		{5BE1C8B2-1D51-4D78-95EC-79FA6ACBCB0B}.Debug|x86.ActiveCfg = Debug|Any CPU
		{5BE1C8B2-1D51-4D78-95EC-79FA6ACBCB0B}.Debug|x86.Build.0 = Debug|Any CPU
		{5BE1C8B2-1D51-4D78-95EC-79FA6ACBCB0B}.Release|Any CPU.ActiveCfg = Release|Any CPU
		{5BE1C8B2-1D51-4D78-95EC-79FA6ACBCB0B}.Release|Any CPU.Build.0 = Release|Any CPU
		{5BE1C8B2-1D51-4D78-95EC-79FA6ACBCB0B}.Release|x64.ActiveCfg = Release|Any CPU
		{5BE1C8B2-1D51-4D78-95EC-79FA6ACBCB0B}.Release|x64.Build.0 = Release|Any CPU
		{5BE1C8B2-1D51-4D78-95EC-79FA6ACBCB0B}.Release|x86.ActiveCfg = Release|Any CPU
		{5BE1C8B2-1D51-4D78-95EC-79FA6ACBCB0B}.Release|x86.Build.0 = Release|Any CPU
	EndGlobalSection
	GlobalSection(SolutionProperties) = preSolution
		HideSolutionNode = FALSE
	EndGlobalSection
	GlobalSection(NestedProjects) = preSolution
		{0D75E1AD-F6CA-4259-95F9-9C0FF018D9B3} = {827E0CD3-B72D-47B6-A68D-7590B98EB39B}
		{CC3CD62B-D61D-413E-8CB4-F55471C16C33} = {827E0CD3-B72D-47B6-A68D-7590B98EB39B}
		{EC3FDC8D-A4AF-40C8-BAE2-C6CD6827AA06} = {827E0CD3-B72D-47B6-A68D-7590B98EB39B}
		{247AB4DC-F03A-47E3-BD0B-0D5E5EB907EB} = {827E0CD3-B72D-47B6-A68D-7590B98EB39B}
		{B0FF0855-2C9F-443A-9316-150CD4CB6D8F} = {827E0CD3-B72D-47B6-A68D-7590B98EB39B}
		{97094B24-3C9A-C0DB-C982-4A4025DE3508} = {0AB3BF05-4346-4AA6-1389-037BE0695223}
		{B96420F8-EA3D-41A1-B48C-5CB16B87CA77} = {97094B24-3C9A-C0DB-C982-4A4025DE3508}
		{B611CC27-D592-8FDF-F9F1-D39D131BCC02} = {0AB3BF05-4346-4AA6-1389-037BE0695223}
		{0611E561-0ABC-45BD-9D6D-9933ABE72339} = {B611CC27-D592-8FDF-F9F1-D39D131BCC02}
		{AA729693-B437-D1F0-D453-A817F88C4370} = {0AB3BF05-4346-4AA6-1389-037BE0695223}
		{A3DE96DD-6F3D-4AA5-AE08-FFACEB436CC7} = {AA729693-B437-D1F0-D453-A817F88C4370}
		{2CDFC2B4-03A0-2A52-1000-A892D95DD3FA} = {0AB3BF05-4346-4AA6-1389-037BE0695223}
		{4C896D7D-D69D-4D02-934E-B4B4CBF9711D} = {2CDFC2B4-03A0-2A52-1000-A892D95DD3FA}
		{B7BD370E-069D-9ADC-D07F-7BCBE718CA43} = {0AB3BF05-4346-4AA6-1389-037BE0695223}
		{5BE1C8B2-1D51-4D78-95EC-79FA6ACBCB0B} = {B7BD370E-069D-9ADC-D07F-7BCBE718CA43}
	EndGlobalSection
EndGlobal
